// !$*UTF8*$!
{
	archiveVersion = 1;
	classes = {
	};
	objectVersion = 56;
	objects = {

/* Begin PBXBuildFile section */
		A19224AE29D5B95700F07104 /* AppDelegate.swift in Sources */ = {isa = PBXBuildFile; fileRef = A19224AD29D5B95700F07104 /* AppDelegate.swift */; };
		A19224B029D5B95700F07104 /* SceneDelegate.swift in Sources */ = {isa = PBXBuildFile; fileRef = A19224AF29D5B95700F07104 /* SceneDelegate.swift */; };
		A19224B729D5B96000F07104 /* Assets.xcassets in Resources */ = {isa = PBXBuildFile; fileRef = A19224B629D5B96000F07104 /* Assets.xcassets */; };
		A19224BA29D5B96000F07104 /* LaunchScreen.storyboard in Resources */ = {isa = PBXBuildFile; fileRef = A19224B829D5B96000F07104 /* LaunchScreen.storyboard */; };
		A19224D929D5C2F300F07104 /* OnboardingCollectionViewCell.swift in Sources */ = {isa = PBXBuildFile; fileRef = A19224D729D5C2F300F07104 /* OnboardingCollectionViewCell.swift */; };
		A19224DA29D5C2F300F07104 /* OnboardingCollectionViewCell.xib in Resources */ = {isa = PBXBuildFile; fileRef = A19224D829D5C2F300F07104 /* OnboardingCollectionViewCell.xib */; };
		A19224DC29D5C39600F07104 /* UIViewController+Extensions.swift in Sources */ = {isa = PBXBuildFile; fileRef = A19224DB29D5C39600F07104 /* UIViewController+Extensions.swift */; };
		A19224DE29D5C3B100F07104 /* UICollectionView+Extension.swift in Sources */ = {isa = PBXBuildFile; fileRef = A19224DD29D5C3B100F07104 /* UICollectionView+Extension.swift */; };
		A19224E029D5C3C400F07104 /* UIView+Extension.swift in Sources */ = {isa = PBXBuildFile; fileRef = A19224DF29D5C3C400F07104 /* UIView+Extension.swift */; };
		A19224E229D5C4EB00F07104 /* OnboardingSlides.swift in Sources */ = {isa = PBXBuildFile; fileRef = A19224E129D5C4EB00F07104 /* OnboardingSlides.swift */; };
		A19224E629D5C61500F07104 /* OnboardingViewController.swift in Sources */ = {isa = PBXBuildFile; fileRef = A19224E529D5C61500F07104 /* OnboardingViewController.swift */; };
		A19224F429D714C500F07104 /* Onboarding.storyboard in Resources */ = {isa = PBXBuildFile; fileRef = A19224F629D714C500F07104 /* Onboarding.storyboard */; };
		A19224FB29D7150600F07104 /* Localizable.strings in Resources */ = {isa = PBXBuildFile; fileRef = A19224FD29D7150600F07104 /* Localizable.strings */; };
		A192250D29D8F94200F07104 /* Registration.storyboard in Resources */ = {isa = PBXBuildFile; fileRef = A192250C29D8F94200F07104 /* Registration.storyboard */; };
		A1EBC8F429D9070B00AA5C93 /* RegistrationViewController.swift in Sources */ = {isa = PBXBuildFile; fileRef = A1EBC8F329D9070B00AA5C93 /* RegistrationViewController.swift */; };
/* End PBXBuildFile section */

/* Begin PBXFileReference section */
		A19224AA29D5B95700F07104 /* Hanakol Aah?.app */ = {isa = PBXFileReference; explicitFileType = wrapper.application; includeInIndex = 0; path = "Hanakol Aah?.app"; sourceTree = BUILT_PRODUCTS_DIR; };
		A19224AD29D5B95700F07104 /* AppDelegate.swift */ = {isa = PBXFileReference; lastKnownFileType = sourcecode.swift; path = AppDelegate.swift; sourceTree = "<group>"; };
		A19224AF29D5B95700F07104 /* SceneDelegate.swift */ = {isa = PBXFileReference; lastKnownFileType = sourcecode.swift; path = SceneDelegate.swift; sourceTree = "<group>"; };
		A19224B629D5B96000F07104 /* Assets.xcassets */ = {isa = PBXFileReference; lastKnownFileType = folder.assetcatalog; path = Assets.xcassets; sourceTree = "<group>"; };
		A19224B929D5B96000F07104 /* Base */ = {isa = PBXFileReference; lastKnownFileType = file.storyboard; name = Base; path = Base.lproj/LaunchScreen.storyboard; sourceTree = "<group>"; };
		A19224BB29D5B96000F07104 /* Info.plist */ = {isa = PBXFileReference; lastKnownFileType = text.plist.xml; path = Info.plist; sourceTree = "<group>"; };
		A19224D729D5C2F300F07104 /* OnboardingCollectionViewCell.swift */ = {isa = PBXFileReference; lastKnownFileType = sourcecode.swift; path = OnboardingCollectionViewCell.swift; sourceTree = "<group>"; };
		A19224D829D5C2F300F07104 /* OnboardingCollectionViewCell.xib */ = {isa = PBXFileReference; lastKnownFileType = file.xib; path = OnboardingCollectionViewCell.xib; sourceTree = "<group>"; };
		A19224DB29D5C39600F07104 /* UIViewController+Extensions.swift */ = {isa = PBXFileReference; lastKnownFileType = sourcecode.swift; path = "UIViewController+Extensions.swift"; sourceTree = "<group>"; };
		A19224DD29D5C3B100F07104 /* UICollectionView+Extension.swift */ = {isa = PBXFileReference; lastKnownFileType = sourcecode.swift; path = "UICollectionView+Extension.swift"; sourceTree = "<group>"; };
		A19224DF29D5C3C400F07104 /* UIView+Extension.swift */ = {isa = PBXFileReference; lastKnownFileType = sourcecode.swift; path = "UIView+Extension.swift"; sourceTree = "<group>"; };
		A19224E129D5C4EB00F07104 /* OnboardingSlides.swift */ = {isa = PBXFileReference; lastKnownFileType = sourcecode.swift; path = OnboardingSlides.swift; sourceTree = "<group>"; };
		A19224E529D5C61500F07104 /* OnboardingViewController.swift */ = {isa = PBXFileReference; lastKnownFileType = sourcecode.swift; path = OnboardingViewController.swift; sourceTree = "<group>"; };
		A19224F529D714C500F07104 /* Base */ = {isa = PBXFileReference; lastKnownFileType = file.storyboard; name = Base; path = Base.lproj/Onboarding.storyboard; sourceTree = "<group>"; };
		A19224F829D714CC00F07104 /* ar */ = {isa = PBXFileReference; lastKnownFileType = text.plist.strings; name = ar; path = ar.lproj/Onboarding.strings; sourceTree = "<group>"; };
		A19224FC29D7150600F07104 /* ar */ = {isa = PBXFileReference; lastKnownFileType = text.plist.strings; name = ar; path = ar.lproj/Localizable.strings; sourceTree = "<group>"; };
		A19224FE29D7150A00F07104 /* en */ = {isa = PBXFileReference; lastKnownFileType = text.plist.strings; name = en; path = en.lproj/Localizable.strings; sourceTree = "<group>"; };
		A192250C29D8F94200F07104 /* Registration.storyboard */ = {isa = PBXFileReference; lastKnownFileType = file.storyboard; path = Registration.storyboard; sourceTree = "<group>"; };
		A1EBC8F329D9070B00AA5C93 /* RegistrationViewController.swift */ = {isa = PBXFileReference; lastKnownFileType = sourcecode.swift; path = RegistrationViewController.swift; sourceTree = "<group>"; };
/* End PBXFileReference section */

/* Begin PBXFrameworksBuildPhase section */
		A19224A729D5B95700F07104 /* Frameworks */ = {
			isa = PBXFrameworksBuildPhase;
			buildActionMask = 2147483647;
			files = (
			);
			runOnlyForDeploymentPostprocessing = 0;
		};
/* End PBXFrameworksBuildPhase section */

/* Begin PBXGroup section */
		A19224A129D5B95700F07104 = {
			isa = PBXGroup;
			children = (
				A19224AC29D5B95700F07104 /* Hanakol Aah? */,
				A19224AB29D5B95700F07104 /* Products */,
			);
			sourceTree = "<group>";
		};
		A19224AB29D5B95700F07104 /* Products */ = {
			isa = PBXGroup;
			children = (
				A19224AA29D5B95700F07104 /* Hanakol Aah?.app */,
			);
			name = Products;
			sourceTree = "<group>";
		};
		A19224AC29D5B95700F07104 /* Hanakol Aah? */ = {
			isa = PBXGroup;
			children = (
				A19224D529D5C2B400F07104 /* CustomViews */,
				A19224D029D5BB2900F07104 /* Resources */,
				A19224C629D5BA3F00F07104 /* Model */,
				A19224C929D5BA6400F07104 /* Extensions */,
				A19224C529D5BA2400F07104 /* Scences */,
				A19224AD29D5B95700F07104 /* AppDelegate.swift */,
				A19224AF29D5B95700F07104 /* SceneDelegate.swift */,
				A19224BB29D5B96000F07104 /* Info.plist */,
			);
			path = "Hanakol Aah?";
			sourceTree = "<group>";
		};
		A19224C529D5BA2400F07104 /* Scences */ = {
			isa = PBXGroup;
			children = (
				A19224B829D5B96000F07104 /* LaunchScreen.storyboard */,
				A19224FF29D72B5C00F07104 /* Registration */,
				A19224CE29D5BAEC00F07104 /* Onboarding */,
			);
			path = Scences;
			sourceTree = "<group>";
		};
		A19224C629D5BA3F00F07104 /* Model */ = {
			isa = PBXGroup;
			children = (
				A19224E129D5C4EB00F07104 /* OnboardingSlides.swift */,
			);
			path = Model;
			sourceTree = "<group>";
		};
		A19224C929D5BA6400F07104 /* Extensions */ = {
			isa = PBXGroup;
			children = (
				A19224DB29D5C39600F07104 /* UIViewController+Extensions.swift */,
				A19224DD29D5C3B100F07104 /* UICollectionView+Extension.swift */,
				A19224DF29D5C3C400F07104 /* UIView+Extension.swift */,
			);
			path = Extensions;
			sourceTree = "<group>";
		};
		A19224CE29D5BAEC00F07104 /* Onboarding */ = {
			isa = PBXGroup;
			children = (
				A19224F629D714C500F07104 /* Onboarding.storyboard */,
				A19224E529D5C61500F07104 /* OnboardingViewController.swift */,
			);
			path = Onboarding;
			sourceTree = "<group>";
		};
		A19224D029D5BB2900F07104 /* Resources */ = {
			isa = PBXGroup;
			children = (
				A19224B629D5B96000F07104 /* Assets.xcassets */,
				A19224FD29D7150600F07104 /* Localizable.strings */,
			);
			path = Resources;
			sourceTree = "<group>";
		};
		A19224D529D5C2B400F07104 /* CustomViews */ = {
			isa = PBXGroup;
			children = (
				A19224D629D5C2C000F07104 /* OnboardingCollectionViewCell */,
			);
			path = CustomViews;
			sourceTree = "<group>";
		};
		A19224D629D5C2C000F07104 /* OnboardingCollectionViewCell */ = {
			isa = PBXGroup;
			children = (
				A19224D729D5C2F300F07104 /* OnboardingCollectionViewCell.swift */,
				A19224D829D5C2F300F07104 /* OnboardingCollectionViewCell.xib */,
			);
			path = OnboardingCollectionViewCell;
			sourceTree = "<group>";
		};
		A19224FF29D72B5C00F07104 /* Registration */ = {
			isa = PBXGroup;
			children = (
				A192250C29D8F94200F07104 /* Registration.storyboard */,
				A1EBC8F329D9070B00AA5C93 /* RegistrationViewController.swift */,
			);
			path = Registration;
			sourceTree = "<group>";
		};
/* End PBXGroup section */

/* Begin PBXNativeTarget section */
		A19224A929D5B95700F07104 /* Hanakol Aah? */ = {
			isa = PBXNativeTarget;
			buildConfigurationList = A19224BE29D5B96000F07104 /* Build configuration list for PBXNativeTarget "Hanakol Aah?" */;
			buildPhases = (
				A19224A629D5B95700F07104 /* Sources */,
				A19224A729D5B95700F07104 /* Frameworks */,
				A19224A829D5B95700F07104 /* Resources */,
			);
			buildRules = (
			);
			dependencies = (
			);
			name = "Hanakol Aah?";
			productName = "Hanakol Aah?";
			productReference = A19224AA29D5B95700F07104 /* Hanakol Aah?.app */;
			productType = "com.apple.product-type.application";
		};
/* End PBXNativeTarget section */

/* Begin PBXProject section */
		A19224A229D5B95700F07104 /* Project object */ = {
			isa = PBXProject;
			attributes = {
				BuildIndependentTargetsInParallel = 1;
				LastSwiftUpdateCheck = 1420;
				LastUpgradeCheck = 1420;
				TargetAttributes = {
					A19224A929D5B95700F07104 = {
						CreatedOnToolsVersion = 14.2;
					};
				};
			};
			buildConfigurationList = A19224A529D5B95700F07104 /* Build configuration list for PBXProject "Hanakol Aah?" */;
			compatibilityVersion = "Xcode 14.0";
			developmentRegion = en;
			hasScannedForEncodings = 0;
			knownRegions = (
				en,
				Base,
				ar,
			);
			mainGroup = A19224A129D5B95700F07104;
			productRefGroup = A19224AB29D5B95700F07104 /* Products */;
			projectDirPath = "";
			projectRoot = "";
			targets = (
				A19224A929D5B95700F07104 /* Hanakol Aah? */,
			);
		};
/* End PBXProject section */

/* Begin PBXResourcesBuildPhase section */
		A19224A829D5B95700F07104 /* Resources */ = {
			isa = PBXResourcesBuildPhase;
			buildActionMask = 2147483647;
			files = (
				A19224FB29D7150600F07104 /* Localizable.strings in Resources */,
				A192250D29D8F94200F07104 /* Registration.storyboard in Resources */,
				A19224F429D714C500F07104 /* Onboarding.storyboard in Resources */,
				A19224BA29D5B96000F07104 /* LaunchScreen.storyboard in Resources */,
				A19224DA29D5C2F300F07104 /* OnboardingCollectionViewCell.xib in Resources */,
				A19224B729D5B96000F07104 /* Assets.xcassets in Resources */,
			);
			runOnlyForDeploymentPostprocessing = 0;
		};
/* End PBXResourcesBuildPhase section */

/* Begin PBXSourcesBuildPhase section */
		A19224A629D5B95700F07104 /* Sources */ = {
			isa = PBXSourcesBuildPhase;
			buildActionMask = 2147483647;
			files = (
				A19224E229D5C4EB00F07104 /* OnboardingSlides.swift in Sources */,
				A19224DE29D5C3B100F07104 /* UICollectionView+Extension.swift in Sources */,
				A19224AE29D5B95700F07104 /* AppDelegate.swift in Sources */,
				A1EBC8F429D9070B00AA5C93 /* RegistrationViewController.swift in Sources */,
				A19224E629D5C61500F07104 /* OnboardingViewController.swift in Sources */,
				A19224B029D5B95700F07104 /* SceneDelegate.swift in Sources */,
				A19224DC29D5C39600F07104 /* UIViewController+Extensions.swift in Sources */,
				A19224D929D5C2F300F07104 /* OnboardingCollectionViewCell.swift in Sources */,
				A19224E029D5C3C400F07104 /* UIView+Extension.swift in Sources */,
			);
			runOnlyForDeploymentPostprocessing = 0;
		};
/* End PBXSourcesBuildPhase section */

/* Begin PBXVariantGroup section */
		A19224B829D5B96000F07104 /* LaunchScreen.storyboard */ = {
			isa = PBXVariantGroup;
			children = (
				A19224B929D5B96000F07104 /* Base */,
			);
			name = LaunchScreen.storyboard;
			sourceTree = "<group>";
		};
		A19224F629D714C500F07104 /* Onboarding.storyboard */ = {
			isa = PBXVariantGroup;
			children = (
				A19224F529D714C500F07104 /* Base */,
				A19224F829D714CC00F07104 /* ar */,
			);
			name = Onboarding.storyboard;
			sourceTree = "<group>";
		};
		A19224FD29D7150600F07104 /* Localizable.strings */ = {
			isa = PBXVariantGroup;
			children = (
				A19224FC29D7150600F07104 /* ar */,
				A19224FE29D7150A00F07104 /* en */,
			);
			name = Localizable.strings;
			sourceTree = "<group>";
		};
/* End PBXVariantGroup section */

/* Begin XCBuildConfiguration section */
		A19224BC29D5B96000F07104 /* Debug */ = {
			isa = XCBuildConfiguration;
			buildSettings = {
				ALWAYS_SEARCH_USER_PATHS = NO;
				CLANG_ANALYZER_LOCALIZABILITY_NONLOCALIZED = YES;
				CLANG_ANALYZER_NONNULL = YES;
				CLANG_ANALYZER_NUMBER_OBJECT_CONVERSION = YES_AGGRESSIVE;
				CLANG_CXX_LANGUAGE_STANDARD = "gnu++20";
				CLANG_ENABLE_MODULES = YES;
				CLANG_ENABLE_OBJC_ARC = YES;
				CLANG_ENABLE_OBJC_WEAK = YES;
				CLANG_WARN_BLOCK_CAPTURE_AUTORELEASING = YES;
				CLANG_WARN_BOOL_CONVERSION = YES;
				CLANG_WARN_COMMA = YES;
				CLANG_WARN_CONSTANT_CONVERSION = YES;
				CLANG_WARN_DEPRECATED_OBJC_IMPLEMENTATIONS = YES;
				CLANG_WARN_DIRECT_OBJC_ISA_USAGE = YES_ERROR;
				CLANG_WARN_DOCUMENTATION_COMMENTS = YES;
				CLANG_WARN_EMPTY_BODY = YES;
				CLANG_WARN_ENUM_CONVERSION = YES;
				CLANG_WARN_INFINITE_RECURSION = YES;
				CLANG_WARN_INT_CONVERSION = YES;
				CLANG_WARN_NON_LITERAL_NULL_CONVERSION = YES;
				CLANG_WARN_OBJC_IMPLICIT_RETAIN_SELF = YES;
				CLANG_WARN_OBJC_LITERAL_CONVERSION = YES;
				CLANG_WARN_OBJC_ROOT_CLASS = YES_ERROR;
				CLANG_WARN_QUOTED_INCLUDE_IN_FRAMEWORK_HEADER = YES;
				CLANG_WARN_RANGE_LOOP_ANALYSIS = YES;
				CLANG_WARN_STRICT_PROTOTYPES = YES;
				CLANG_WARN_SUSPICIOUS_MOVE = YES;
				CLANG_WARN_UNGUARDED_AVAILABILITY = YES_AGGRESSIVE;
				CLANG_WARN_UNREACHABLE_CODE = YES;
				CLANG_WARN__DUPLICATE_METHOD_MATCH = YES;
				COPY_PHASE_STRIP = NO;
				DEBUG_INFORMATION_FORMAT = dwarf;
				ENABLE_STRICT_OBJC_MSGSEND = YES;
				ENABLE_TESTABILITY = YES;
				GCC_C_LANGUAGE_STANDARD = gnu11;
				GCC_DYNAMIC_NO_PIC = NO;
				GCC_NO_COMMON_BLOCKS = YES;
				GCC_OPTIMIZATION_LEVEL = 0;
				GCC_PREPROCESSOR_DEFINITIONS = (
					"DEBUG=1",
					"$(inherited)",
				);
				GCC_WARN_64_TO_32_BIT_CONVERSION = YES;
				GCC_WARN_ABOUT_RETURN_TYPE = YES_ERROR;
				GCC_WARN_UNDECLARED_SELECTOR = YES;
				GCC_WARN_UNINITIALIZED_AUTOS = YES_AGGRESSIVE;
				GCC_WARN_UNUSED_FUNCTION = YES;
				GCC_WARN_UNUSED_VARIABLE = YES;
				IPHONEOS_DEPLOYMENT_TARGET = 16.2;
				MTL_ENABLE_DEBUG_INFO = INCLUDE_SOURCE;
				MTL_FAST_MATH = YES;
				ONLY_ACTIVE_ARCH = YES;
				SDKROOT = iphoneos;
				SWIFT_ACTIVE_COMPILATION_CONDITIONS = DEBUG;
				SWIFT_OPTIMIZATION_LEVEL = "-Onone";
			};
			name = Debug;
		};
		A19224BD29D5B96000F07104 /* Release */ = {
			isa = XCBuildConfiguration;
			buildSettings = {
				ALWAYS_SEARCH_USER_PATHS = NO;
				CLANG_ANALYZER_LOCALIZABILITY_NONLOCALIZED = YES;
				CLANG_ANALYZER_NONNULL = YES;
				CLANG_ANALYZER_NUMBER_OBJECT_CONVERSION = YES_AGGRESSIVE;
				CLANG_CXX_LANGUAGE_STANDARD = "gnu++20";
				CLANG_ENABLE_MODULES = YES;
				CLANG_ENABLE_OBJC_ARC = YES;
				CLANG_ENABLE_OBJC_WEAK = YES;
				CLANG_WARN_BLOCK_CAPTURE_AUTORELEASING = YES;
				CLANG_WARN_BOOL_CONVERSION = YES;
				CLANG_WARN_COMMA = YES;
				CLANG_WARN_CONSTANT_CONVERSION = YES;
				CLANG_WARN_DEPRECATED_OBJC_IMPLEMENTATIONS = YES;
				CLANG_WARN_DIRECT_OBJC_ISA_USAGE = YES_ERROR;
				CLANG_WARN_DOCUMENTATION_COMMENTS = YES;
				CLANG_WARN_EMPTY_BODY = YES;
				CLANG_WARN_ENUM_CONVERSION = YES;
				CLANG_WARN_INFINITE_RECURSION = YES;
				CLANG_WARN_INT_CONVERSION = YES;
				CLANG_WARN_NON_LITERAL_NULL_CONVERSION = YES;
				CLANG_WARN_OBJC_IMPLICIT_RETAIN_SELF = YES;
				CLANG_WARN_OBJC_LITERAL_CONVERSION = YES;
				CLANG_WARN_OBJC_ROOT_CLASS = YES_ERROR;
				CLANG_WARN_QUOTED_INCLUDE_IN_FRAMEWORK_HEADER = YES;
				CLANG_WARN_RANGE_LOOP_ANALYSIS = YES;
				CLANG_WARN_STRICT_PROTOTYPES = YES;
				CLANG_WARN_SUSPICIOUS_MOVE = YES;
				CLANG_WARN_UNGUARDED_AVAILABILITY = YES_AGGRESSIVE;
				CLANG_WARN_UNREACHABLE_CODE = YES;
				CLANG_WARN__DUPLICATE_METHOD_MATCH = YES;
				COPY_PHASE_STRIP = NO;
				DEBUG_INFORMATION_FORMAT = "dwarf-with-dsym";
				ENABLE_NS_ASSERTIONS = NO;
				ENABLE_STRICT_OBJC_MSGSEND = YES;
				GCC_C_LANGUAGE_STANDARD = gnu11;
				GCC_NO_COMMON_BLOCKS = YES;
				GCC_WARN_64_TO_32_BIT_CONVERSION = YES;
				GCC_WARN_ABOUT_RETURN_TYPE = YES_ERROR;
				GCC_WARN_UNDECLARED_SELECTOR = YES;
				GCC_WARN_UNINITIALIZED_AUTOS = YES_AGGRESSIVE;
				GCC_WARN_UNUSED_FUNCTION = YES;
				GCC_WARN_UNUSED_VARIABLE = YES;
				IPHONEOS_DEPLOYMENT_TARGET = 16.2;
				MTL_ENABLE_DEBUG_INFO = NO;
				MTL_FAST_MATH = YES;
				SDKROOT = iphoneos;
				SWIFT_COMPILATION_MODE = wholemodule;
				SWIFT_OPTIMIZATION_LEVEL = "-O";
				VALIDATE_PRODUCT = YES;
			};
			name = Release;
		};
		A19224BF29D5B96000F07104 /* Debug */ = {
			isa = XCBuildConfiguration;
			buildSettings = {
				ASSETCATALOG_COMPILER_APPICON_NAME = AppIcon;
				ASSETCATALOG_COMPILER_GLOBAL_ACCENT_COLOR_NAME = AccentColor;
				CODE_SIGN_STYLE = Automatic;
				CURRENT_PROJECT_VERSION = 1;
				DEVELOPMENT_TEAM = KSQAVXV66T;
				GENERATE_INFOPLIST_FILE = YES;
				INFOPLIST_FILE = "Hanakol Aah?/Info.plist";
				INFOPLIST_KEY_UIApplicationSupportsIndirectInputEvents = YES;
				INFOPLIST_KEY_UILaunchStoryboardName = LaunchScreen;
				INFOPLIST_KEY_UISupportedInterfaceOrientations_iPad = "UIInterfaceOrientationPortrait UIInterfaceOrientationPortraitUpsideDown UIInterfaceOrientationLandscapeLeft UIInterfaceOrientationLandscapeRight";
				INFOPLIST_KEY_UISupportedInterfaceOrientations_iPhone = "UIInterfaceOrientationPortrait UIInterfaceOrientationLandscapeLeft UIInterfaceOrientationLandscapeRight";
				LD_RUNPATH_SEARCH_PATHS = (
					"$(inherited)",
					"@executable_path/Frameworks",
				);
				MARKETING_VERSION = 1.0;
				PRODUCT_BUNDLE_IDENTIFIER = "youssefedeeb.Hanakol-Aah-";
				PRODUCT_NAME = "$(TARGET_NAME)";
				SWIFT_EMIT_LOC_STRINGS = YES;
				SWIFT_VERSION = 5.0;
				TARGETED_DEVICE_FAMILY = "1,2";
			};
			name = Debug;
		};
		A19224C029D5B96000F07104 /* Release */ = {
			isa = XCBuildConfiguration;
			buildSettings = {
				ASSETCATALOG_COMPILER_APPICON_NAME = AppIcon;
				ASSETCATALOG_COMPILER_GLOBAL_ACCENT_COLOR_NAME = AccentColor;
				CODE_SIGN_STYLE = Automatic;
				CURRENT_PROJECT_VERSION = 1;
				DEVELOPMENT_TEAM = KSQAVXV66T;
				GENERATE_INFOPLIST_FILE = YES;
				INFOPLIST_FILE = "Hanakol Aah?/Info.plist";
				INFOPLIST_KEY_UIApplicationSupportsIndirectInputEvents = YES;
				INFOPLIST_KEY_UILaunchStoryboardName = LaunchScreen;
				INFOPLIST_KEY_UISupportedInterfaceOrientations_iPad = "UIInterfaceOrientationPortrait UIInterfaceOrientationPortraitUpsideDown UIInterfaceOrientationLandscapeLeft UIInterfaceOrientationLandscapeRight";
				INFOPLIST_KEY_UISupportedInterfaceOrientations_iPhone = "UIInterfaceOrientationPortrait UIInterfaceOrientationLandscapeLeft UIInterfaceOrientationLandscapeRight";
				LD_RUNPATH_SEARCH_PATHS = (
					"$(inherited)",
					"@executable_path/Frameworks",
				);
				MARKETING_VERSION = 1.0;
				PRODUCT_BUNDLE_IDENTIFIER = "youssefedeeb.Hanakol-Aah-";
				PRODUCT_NAME = "$(TARGET_NAME)";
				SWIFT_EMIT_LOC_STRINGS = YES;
				SWIFT_VERSION = 5.0;
				TARGETED_DEVICE_FAMILY = "1,2";
			};
			name = Release;
		};
/* End XCBuildConfiguration section */

/* Begin XCConfigurationList section */
		A19224A529D5B95700F07104 /* Build configuration list for PBXProject "Hanakol Aah?" */ = {
			isa = XCConfigurationList;
			buildConfigurations = (
				A19224BC29D5B96000F07104 /* Debug */,
				A19224BD29D5B96000F07104 /* Release */,
			);
			defaultConfigurationIsVisible = 0;
			defaultConfigurationName = Release;
		};
		A19224BE29D5B96000F07104 /* Build configuration list for PBXNativeTarget "Hanakol Aah?" */ = {
			isa = XCConfigurationList;
			buildConfigurations = (
				A19224BF29D5B96000F07104 /* Debug */,
				A19224C029D5B96000F07104 /* Release */,
			);
			defaultConfigurationIsVisible = 0;
			defaultConfigurationName = Release;
		};
/* End XCConfigurationList section */
	};
	rootObject = A19224A229D5B95700F07104 /* Project object */;
}
