// !$*UTF8*$!
{
	archiveVersion = 1;
	classes = {
	};
	objectVersion = 56;
	objects = {

/* Begin PBXBuildFile section */
		A15D5AF329DB07E600959EEF /* ForgetPassViewController.swift in Sources */ = {isa = PBXBuildFile; fileRef = A15D5AF229DB07E600959EEF /* ForgetPassViewController.swift */; };
		A15D5AF529DB211500959EEF /* VerfiyPassViewController.swift in Sources */ = {isa = PBXBuildFile; fileRef = A15D5AF429DB211500959EEF /* VerfiyPassViewController.swift */; };
		A15D5AF729DB62B700959EEF /* CreateNewPassViewController.swift in Sources */ = {isa = PBXBuildFile; fileRef = A15D5AF629DB62B700959EEF /* CreateNewPassViewController.swift */; };
		A1781E3F29E2E0CD0098AB31 /* HomeMealsCollectionViewCell.swift in Sources */ = {isa = PBXBuildFile; fileRef = A1781E3D29E2E0CD0098AB31 /* HomeMealsCollectionViewCell.swift */; };
		A1781E4029E2E0CD0098AB31 /* HomeMealsCollectionViewCell.xib in Resources */ = {isa = PBXBuildFile; fileRef = A1781E3E29E2E0CD0098AB31 /* HomeMealsCollectionViewCell.xib */; };
		A1781E4429E2E7730098AB31 /* HomeMealsTableViewCell.swift in Sources */ = {isa = PBXBuildFile; fileRef = A1781E4229E2E7730098AB31 /* HomeMealsTableViewCell.swift */; };
		A1781E4529E2E7730098AB31 /* HomeMealsTableViewCell.xib in Resources */ = {isa = PBXBuildFile; fileRef = A1781E4329E2E7730098AB31 /* HomeMealsTableViewCell.xib */; };
		A1781E4729E2E82D0098AB31 /* UITableView+Extension.swift in Sources */ = {isa = PBXBuildFile; fileRef = A1781E4629E2E82D0098AB31 /* UITableView+Extension.swift */; };
		A1781E4A29E386480098AB31 /* Fridge.storyboard in Resources */ = {isa = PBXBuildFile; fileRef = A1781E4929E386480098AB31 /* Fridge.storyboard */; };
		A1781E4C29E3865C0098AB31 /* FridgeViewController.swift in Sources */ = {isa = PBXBuildFile; fileRef = A1781E4B29E3865C0098AB31 /* FridgeViewController.swift */; };
		A1781E5229E38D730098AB31 /* FridgeItemsCollectionViewCell.swift in Sources */ = {isa = PBXBuildFile; fileRef = A1781E5029E38D730098AB31 /* FridgeItemsCollectionViewCell.swift */; };
		A1781E5329E38D730098AB31 /* FridgeItemsCollectionViewCell.xib in Resources */ = {isa = PBXBuildFile; fileRef = A1781E5129E38D730098AB31 /* FridgeItemsCollectionViewCell.xib */; };
		A1781E5B29E38EC10098AB31 /* FridgeItemsVerticalCollectionViewCell.swift in Sources */ = {isa = PBXBuildFile; fileRef = A1781E5929E38EC10098AB31 /* FridgeItemsVerticalCollectionViewCell.swift */; };
		A1781E5C29E38EC10098AB31 /* FridgeItemsVerticalCollectionViewCell.xib in Resources */ = {isa = PBXBuildFile; fileRef = A1781E5A29E38EC10098AB31 /* FridgeItemsVerticalCollectionViewCell.xib */; };
		A17AB41529EC311800D6E5EC /* ScheduleCollectionViewCell.swift in Sources */ = {isa = PBXBuildFile; fileRef = A17AB41329EC311800D6E5EC /* ScheduleCollectionViewCell.swift */; };
		A17AB41629EC311800D6E5EC /* ScheduleCollectionViewCell.xib in Resources */ = {isa = PBXBuildFile; fileRef = A17AB41429EC311800D6E5EC /* ScheduleCollectionViewCell.xib */; };
		A17AB41929EC314C00D6E5EC /* ScheduleTableViewCell.swift in Sources */ = {isa = PBXBuildFile; fileRef = A17AB41729EC314C00D6E5EC /* ScheduleTableViewCell.swift */; };
		A17AB41A29EC314C00D6E5EC /* ScheduleTableViewCell.xib in Resources */ = {isa = PBXBuildFile; fileRef = A17AB41829EC314C00D6E5EC /* ScheduleTableViewCell.xib */; };
		A1813E4329ED77A3008964D1 /* MealScan.storyboard in Resources */ = {isa = PBXBuildFile; fileRef = A1813E4229ED77A2008964D1 /* MealScan.storyboard */; };
		A1813E4529ED77B9008964D1 /* MealScanViewController.swift in Sources */ = {isa = PBXBuildFile; fileRef = A1813E4429ED77B9008964D1 /* MealScanViewController.swift */; };
		A19224AE29D5B95700F07104 /* AppDelegate.swift in Sources */ = {isa = PBXBuildFile; fileRef = A19224AD29D5B95700F07104 /* AppDelegate.swift */; };
		A19224B029D5B95700F07104 /* SceneDelegate.swift in Sources */ = {isa = PBXBuildFile; fileRef = A19224AF29D5B95700F07104 /* SceneDelegate.swift */; };
		A19224B729D5B96000F07104 /* Assets.xcassets in Resources */ = {isa = PBXBuildFile; fileRef = A19224B629D5B96000F07104 /* Assets.xcassets */; };
		A19224BA29D5B96000F07104 /* LaunchScreen.storyboard in Resources */ = {isa = PBXBuildFile; fileRef = A19224B829D5B96000F07104 /* LaunchScreen.storyboard */; };
		A19224D929D5C2F300F07104 /* OnboardingCollectionViewCell.swift in Sources */ = {isa = PBXBuildFile; fileRef = A19224D729D5C2F300F07104 /* OnboardingCollectionViewCell.swift */; };
		A19224DA29D5C2F300F07104 /* OnboardingCollectionViewCell.xib in Resources */ = {isa = PBXBuildFile; fileRef = A19224D829D5C2F300F07104 /* OnboardingCollectionViewCell.xib */; };
		A19224DC29D5C39600F07104 /* UIViewController+Extensions.swift in Sources */ = {isa = PBXBuildFile; fileRef = A19224DB29D5C39600F07104 /* UIViewController+Extensions.swift */; };
		A19224DE29D5C3B100F07104 /* UICollectionView+Extension.swift in Sources */ = {isa = PBXBuildFile; fileRef = A19224DD29D5C3B100F07104 /* UICollectionView+Extension.swift */; };
		A19224E029D5C3C400F07104 /* UIView+Extension.swift in Sources */ = {isa = PBXBuildFile; fileRef = A19224DF29D5C3C400F07104 /* UIView+Extension.swift */; };
		A19224E229D5C4EB00F07104 /* OnboardingSlides.swift in Sources */ = {isa = PBXBuildFile; fileRef = A19224E129D5C4EB00F07104 /* OnboardingSlides.swift */; };
		A19224E629D5C61500F07104 /* OnboardingViewController.swift in Sources */ = {isa = PBXBuildFile; fileRef = A19224E529D5C61500F07104 /* OnboardingViewController.swift */; };
		A19224F429D714C500F07104 /* Onboarding.storyboard in Resources */ = {isa = PBXBuildFile; fileRef = A19224F629D714C500F07104 /* Onboarding.storyboard */; };
		A19224FB29D7150600F07104 /* Localizable.strings in Resources */ = {isa = PBXBuildFile; fileRef = A19224FD29D7150600F07104 /* Localizable.strings */; };
		A192250D29D8F94200F07104 /* Registration.storyboard in Resources */ = {isa = PBXBuildFile; fileRef = A192250C29D8F94200F07104 /* Registration.storyboard */; };
		A1E94DA829EC1E6B00DF114E /* ScheduleRecipes.storyboard in Resources */ = {isa = PBXBuildFile; fileRef = A1E94DA729EC1E6B00DF114E /* ScheduleRecipes.storyboard */; };
		A1E94DAA29EC1E8100DF114E /* ScheduleRecipesViewController.swift in Sources */ = {isa = PBXBuildFile; fileRef = A1E94DA929EC1E8100DF114E /* ScheduleRecipesViewController.swift */; };
		A1EA921529DD9C3500349299 /* Profile.storyboard in Resources */ = {isa = PBXBuildFile; fileRef = A1EA921429DD9C3500349299 /* Profile.storyboard */; };
		A1EA921729DD9CD400349299 /* ProfileViewController.swift in Sources */ = {isa = PBXBuildFile; fileRef = A1EA921629DD9CD400349299 /* ProfileViewController.swift */; };
		A1EA921929DDA83E00349299 /* CardView.swift in Sources */ = {isa = PBXBuildFile; fileRef = A1EA921829DDA83E00349299 /* CardView.swift */; };
		A1EA921E29DEF49B00349299 /* Home.storyboard in Resources */ = {isa = PBXBuildFile; fileRef = A1EA921D29DEF49B00349299 /* Home.storyboard */; };
		A1EA922029DEF4F900349299 /* CustomTabBar.swift in Sources */ = {isa = PBXBuildFile; fileRef = A1EA921F29DEF4F900349299 /* CustomTabBar.swift */; };
		A1EA922229DEF8F700349299 /* CustomTabBarController.swift in Sources */ = {isa = PBXBuildFile; fileRef = A1EA922129DEF8F700349299 /* CustomTabBarController.swift */; };
		A1EA922729DF729900349299 /* HomeViewController.swift in Sources */ = {isa = PBXBuildFile; fileRef = A1EA922629DF729900349299 /* HomeViewController.swift */; };
		A1EBC8F429D9070B00AA5C93 /* RegistrationViewController.swift in Sources */ = {isa = PBXBuildFile; fileRef = A1EBC8F329D9070B00AA5C93 /* RegistrationViewController.swift */; };
		A1EBC8F829D995EF00AA5C93 /* RegistrationCollectionViewCell.swift in Sources */ = {isa = PBXBuildFile; fileRef = A1EBC8F629D995EF00AA5C93 /* RegistrationCollectionViewCell.swift */; };
		A1EBC8F929D995EF00AA5C93 /* RegistrationCollectionViewCell.xib in Resources */ = {isa = PBXBuildFile; fileRef = A1EBC8F729D995EF00AA5C93 /* RegistrationCollectionViewCell.xib */; };
		A1EBC8FC29D997D300AA5C93 /* TextFieldView.swift in Sources */ = {isa = PBXBuildFile; fileRef = A1EBC8FB29D997D300AA5C93 /* TextFieldView.swift */; };
/* End PBXBuildFile section */

/* Begin PBXFileReference section */
		A15D5AF229DB07E600959EEF /* ForgetPassViewController.swift */ = {isa = PBXFileReference; lastKnownFileType = sourcecode.swift; path = ForgetPassViewController.swift; sourceTree = "<group>"; };
		A15D5AF429DB211500959EEF /* VerfiyPassViewController.swift */ = {isa = PBXFileReference; lastKnownFileType = sourcecode.swift; path = VerfiyPassViewController.swift; sourceTree = "<group>"; };
		A15D5AF629DB62B700959EEF /* CreateNewPassViewController.swift */ = {isa = PBXFileReference; lastKnownFileType = sourcecode.swift; path = CreateNewPassViewController.swift; sourceTree = "<group>"; };
		A1781E3D29E2E0CD0098AB31 /* HomeMealsCollectionViewCell.swift */ = {isa = PBXFileReference; lastKnownFileType = sourcecode.swift; path = HomeMealsCollectionViewCell.swift; sourceTree = "<group>"; };
		A1781E3E29E2E0CD0098AB31 /* HomeMealsCollectionViewCell.xib */ = {isa = PBXFileReference; lastKnownFileType = file.xib; path = HomeMealsCollectionViewCell.xib; sourceTree = "<group>"; };
		A1781E4229E2E7730098AB31 /* HomeMealsTableViewCell.swift */ = {isa = PBXFileReference; lastKnownFileType = sourcecode.swift; path = HomeMealsTableViewCell.swift; sourceTree = "<group>"; };
		A1781E4329E2E7730098AB31 /* HomeMealsTableViewCell.xib */ = {isa = PBXFileReference; lastKnownFileType = file.xib; path = HomeMealsTableViewCell.xib; sourceTree = "<group>"; };
		A1781E4629E2E82D0098AB31 /* UITableView+Extension.swift */ = {isa = PBXFileReference; lastKnownFileType = sourcecode.swift; path = "UITableView+Extension.swift"; sourceTree = "<group>"; };
		A1781E4929E386480098AB31 /* Fridge.storyboard */ = {isa = PBXFileReference; lastKnownFileType = file.storyboard; path = Fridge.storyboard; sourceTree = "<group>"; };
		A1781E4B29E3865C0098AB31 /* FridgeViewController.swift */ = {isa = PBXFileReference; lastKnownFileType = sourcecode.swift; path = FridgeViewController.swift; sourceTree = "<group>"; };
		A1781E5029E38D730098AB31 /* FridgeItemsCollectionViewCell.swift */ = {isa = PBXFileReference; lastKnownFileType = sourcecode.swift; path = FridgeItemsCollectionViewCell.swift; sourceTree = "<group>"; };
		A1781E5129E38D730098AB31 /* FridgeItemsCollectionViewCell.xib */ = {isa = PBXFileReference; lastKnownFileType = file.xib; path = FridgeItemsCollectionViewCell.xib; sourceTree = "<group>"; };
		A1781E5929E38EC10098AB31 /* FridgeItemsVerticalCollectionViewCell.swift */ = {isa = PBXFileReference; lastKnownFileType = sourcecode.swift; path = FridgeItemsVerticalCollectionViewCell.swift; sourceTree = "<group>"; };
		A1781E5A29E38EC10098AB31 /* FridgeItemsVerticalCollectionViewCell.xib */ = {isa = PBXFileReference; lastKnownFileType = file.xib; path = FridgeItemsVerticalCollectionViewCell.xib; sourceTree = "<group>"; };
		A17AB41329EC311800D6E5EC /* ScheduleCollectionViewCell.swift */ = {isa = PBXFileReference; lastKnownFileType = sourcecode.swift; path = ScheduleCollectionViewCell.swift; sourceTree = "<group>"; };
		A17AB41429EC311800D6E5EC /* ScheduleCollectionViewCell.xib */ = {isa = PBXFileReference; lastKnownFileType = file.xib; path = ScheduleCollectionViewCell.xib; sourceTree = "<group>"; };
		A17AB41729EC314C00D6E5EC /* ScheduleTableViewCell.swift */ = {isa = PBXFileReference; lastKnownFileType = sourcecode.swift; path = ScheduleTableViewCell.swift; sourceTree = "<group>"; };
		A17AB41829EC314C00D6E5EC /* ScheduleTableViewCell.xib */ = {isa = PBXFileReference; lastKnownFileType = file.xib; path = ScheduleTableViewCell.xib; sourceTree = "<group>"; };
		A1813E4229ED77A2008964D1 /* MealScan.storyboard */ = {isa = PBXFileReference; lastKnownFileType = file.storyboard; path = MealScan.storyboard; sourceTree = "<group>"; };
		A1813E4429ED77B9008964D1 /* MealScanViewController.swift */ = {isa = PBXFileReference; lastKnownFileType = sourcecode.swift; path = MealScanViewController.swift; sourceTree = "<group>"; };
		A19224AA29D5B95700F07104 /* Hanakol Aah?.app */ = {isa = PBXFileReference; explicitFileType = wrapper.application; includeInIndex = 0; path = "Hanakol Aah?.app"; sourceTree = BUILT_PRODUCTS_DIR; };
		A19224AD29D5B95700F07104 /* AppDelegate.swift */ = {isa = PBXFileReference; lastKnownFileType = sourcecode.swift; path = AppDelegate.swift; sourceTree = "<group>"; };
		A19224AF29D5B95700F07104 /* SceneDelegate.swift */ = {isa = PBXFileReference; lastKnownFileType = sourcecode.swift; path = SceneDelegate.swift; sourceTree = "<group>"; };
		A19224B629D5B96000F07104 /* Assets.xcassets */ = {isa = PBXFileReference; lastKnownFileType = folder.assetcatalog; path = Assets.xcassets; sourceTree = "<group>"; };
		A19224B929D5B96000F07104 /* Base */ = {isa = PBXFileReference; lastKnownFileType = file.storyboard; name = Base; path = Base.lproj/LaunchScreen.storyboard; sourceTree = "<group>"; };
		A19224BB29D5B96000F07104 /* Info.plist */ = {isa = PBXFileReference; lastKnownFileType = text.plist.xml; path = Info.plist; sourceTree = "<group>"; };
		A19224D729D5C2F300F07104 /* OnboardingCollectionViewCell.swift */ = {isa = PBXFileReference; lastKnownFileType = sourcecode.swift; path = OnboardingCollectionViewCell.swift; sourceTree = "<group>"; };
		A19224D829D5C2F300F07104 /* OnboardingCollectionViewCell.xib */ = {isa = PBXFileReference; lastKnownFileType = file.xib; path = OnboardingCollectionViewCell.xib; sourceTree = "<group>"; };
		A19224DB29D5C39600F07104 /* UIViewController+Extensions.swift */ = {isa = PBXFileReference; lastKnownFileType = sourcecode.swift; path = "UIViewController+Extensions.swift"; sourceTree = "<group>"; };
		A19224DD29D5C3B100F07104 /* UICollectionView+Extension.swift */ = {isa = PBXFileReference; lastKnownFileType = sourcecode.swift; path = "UICollectionView+Extension.swift"; sourceTree = "<group>"; };
		A19224DF29D5C3C400F07104 /* UIView+Extension.swift */ = {isa = PBXFileReference; lastKnownFileType = sourcecode.swift; path = "UIView+Extension.swift"; sourceTree = "<group>"; };
		A19224E129D5C4EB00F07104 /* OnboardingSlides.swift */ = {isa = PBXFileReference; lastKnownFileType = sourcecode.swift; path = OnboardingSlides.swift; sourceTree = "<group>"; };
		A19224E529D5C61500F07104 /* OnboardingViewController.swift */ = {isa = PBXFileReference; lastKnownFileType = sourcecode.swift; path = OnboardingViewController.swift; sourceTree = "<group>"; };
		A19224F529D714C500F07104 /* Base */ = {isa = PBXFileReference; lastKnownFileType = file.storyboard; name = Base; path = Base.lproj/Onboarding.storyboard; sourceTree = "<group>"; };
		A19224FC29D7150600F07104 /* ar */ = {isa = PBXFileReference; lastKnownFileType = text.plist.strings; name = ar; path = ar.lproj/Localizable.strings; sourceTree = "<group>"; };
		A19224FE29D7150A00F07104 /* en */ = {isa = PBXFileReference; lastKnownFileType = text.plist.strings; name = en; path = en.lproj/Localizable.strings; sourceTree = "<group>"; };
		A192250C29D8F94200F07104 /* Registration.storyboard */ = {isa = PBXFileReference; lastKnownFileType = file.storyboard; path = Registration.storyboard; sourceTree = "<group>"; };
		A1E94DA729EC1E6B00DF114E /* ScheduleRecipes.storyboard */ = {isa = PBXFileReference; lastKnownFileType = file.storyboard; path = ScheduleRecipes.storyboard; sourceTree = "<group>"; };
		A1E94DA929EC1E8100DF114E /* ScheduleRecipesViewController.swift */ = {isa = PBXFileReference; lastKnownFileType = sourcecode.swift; path = ScheduleRecipesViewController.swift; sourceTree = "<group>"; };
		A1EA921429DD9C3500349299 /* Profile.storyboard */ = {isa = PBXFileReference; lastKnownFileType = file.storyboard; path = Profile.storyboard; sourceTree = "<group>"; };
		A1EA921629DD9CD400349299 /* ProfileViewController.swift */ = {isa = PBXFileReference; lastKnownFileType = sourcecode.swift; path = ProfileViewController.swift; sourceTree = "<group>"; };
		A1EA921829DDA83E00349299 /* CardView.swift */ = {isa = PBXFileReference; lastKnownFileType = sourcecode.swift; path = CardView.swift; sourceTree = "<group>"; };
		A1EA921D29DEF49B00349299 /* Home.storyboard */ = {isa = PBXFileReference; lastKnownFileType = file.storyboard; path = Home.storyboard; sourceTree = "<group>"; };
		A1EA921F29DEF4F900349299 /* CustomTabBar.swift */ = {isa = PBXFileReference; lastKnownFileType = sourcecode.swift; path = CustomTabBar.swift; sourceTree = "<group>"; };
		A1EA922129DEF8F700349299 /* CustomTabBarController.swift */ = {isa = PBXFileReference; lastKnownFileType = sourcecode.swift; path = CustomTabBarController.swift; sourceTree = "<group>"; };
		A1EA922629DF729900349299 /* HomeViewController.swift */ = {isa = PBXFileReference; lastKnownFileType = sourcecode.swift; path = HomeViewController.swift; sourceTree = "<group>"; };
		A1EBC8F329D9070B00AA5C93 /* RegistrationViewController.swift */ = {isa = PBXFileReference; lastKnownFileType = sourcecode.swift; path = RegistrationViewController.swift; sourceTree = "<group>"; };
		A1EBC8F629D995EF00AA5C93 /* RegistrationCollectionViewCell.swift */ = {isa = PBXFileReference; lastKnownFileType = sourcecode.swift; path = RegistrationCollectionViewCell.swift; sourceTree = "<group>"; };
		A1EBC8F729D995EF00AA5C93 /* RegistrationCollectionViewCell.xib */ = {isa = PBXFileReference; lastKnownFileType = file.xib; path = RegistrationCollectionViewCell.xib; sourceTree = "<group>"; };
		A1EBC8FB29D997D300AA5C93 /* TextFieldView.swift */ = {isa = PBXFileReference; lastKnownFileType = sourcecode.swift; path = TextFieldView.swift; sourceTree = "<group>"; };
/* End PBXFileReference section */

/* Begin PBXFrameworksBuildPhase section */
		A19224A729D5B95700F07104 /* Frameworks */ = {
			isa = PBXFrameworksBuildPhase;
			buildActionMask = 2147483647;
			files = (
			);
			runOnlyForDeploymentPostprocessing = 0;
		};
/* End PBXFrameworksBuildPhase section */

/* Begin PBXGroup section */
		A1781E3C29E2E06C0098AB31 /* HomeMealsCollectionViewCell */ = {
			isa = PBXGroup;
			children = (
				A1781E3D29E2E0CD0098AB31 /* HomeMealsCollectionViewCell.swift */,
				A1781E3E29E2E0CD0098AB31 /* HomeMealsCollectionViewCell.xib */,
			);
			path = HomeMealsCollectionViewCell;
			sourceTree = "<group>";
		};
		A1781E4129E2E74E0098AB31 /* HomeMealsTableViewCell */ = {
			isa = PBXGroup;
			children = (
				A1781E4229E2E7730098AB31 /* HomeMealsTableViewCell.swift */,
				A1781E4329E2E7730098AB31 /* HomeMealsTableViewCell.xib */,
			);
			path = HomeMealsTableViewCell;
			sourceTree = "<group>";
		};
		A1781E4829E3860E0098AB31 /* Fridge */ = {
			isa = PBXGroup;
			children = (
				A1781E4929E386480098AB31 /* Fridge.storyboard */,
				A1781E4B29E3865C0098AB31 /* FridgeViewController.swift */,
			);
			path = Fridge;
			sourceTree = "<group>";
		};
		A1781E4D29E38C740098AB31 /* HomeViewCells */ = {
			isa = PBXGroup;
			children = (
				A1781E4129E2E74E0098AB31 /* HomeMealsTableViewCell */,
				A1781E3C29E2E06C0098AB31 /* HomeMealsCollectionViewCell */,
			);
			path = HomeViewCells;
			sourceTree = "<group>";
		};
		A1781E4E29E38C8B0098AB31 /* FridgeViewCells */ = {
			isa = PBXGroup;
			children = (
				A1781E5829E38E300098AB31 /* FridgeItemsVerticalCollectionViewCell */,
				A1781E4F29E38D440098AB31 /* FridgeItemsHorizontalCollectionViewCell */,
			);
			path = FridgeViewCells;
			sourceTree = "<group>";
		};
		A1781E4F29E38D440098AB31 /* FridgeItemsHorizontalCollectionViewCell */ = {
			isa = PBXGroup;
			children = (
				A1781E5029E38D730098AB31 /* FridgeItemsCollectionViewCell.swift */,
				A1781E5129E38D730098AB31 /* FridgeItemsCollectionViewCell.xib */,
			);
			path = FridgeItemsHorizontalCollectionViewCell;
			sourceTree = "<group>";
		};
		A1781E5829E38E300098AB31 /* FridgeItemsVerticalCollectionViewCell */ = {
			isa = PBXGroup;
			children = (
				A1781E5929E38EC10098AB31 /* FridgeItemsVerticalCollectionViewCell.swift */,
				A1781E5A29E38EC10098AB31 /* FridgeItemsVerticalCollectionViewCell.xib */,
			);
			path = FridgeItemsVerticalCollectionViewCell;
			sourceTree = "<group>";
		};
		A17AB40E29EC301600D6E5EC /* ScheduleTableViewCell */ = {
			isa = PBXGroup;
			children = (
				A17AB41729EC314C00D6E5EC /* ScheduleTableViewCell.swift */,
				A17AB41829EC314C00D6E5EC /* ScheduleTableViewCell.xib */,
			);
			path = ScheduleTableViewCell;
			sourceTree = "<group>";
		};
		A1813E4129ED775C008964D1 /* MealScan */ = {
			isa = PBXGroup;
			children = (
				A1813E4229ED77A2008964D1 /* MealScan.storyboard */,
				A1813E4429ED77B9008964D1 /* MealScanViewController.swift */,
			);
			path = MealScan;
			sourceTree = "<group>";
		};
		A19224A129D5B95700F07104 = {
			isa = PBXGroup;
			children = (
				A19224AC29D5B95700F07104 /* Hanakol Aah? */,
				A19224AB29D5B95700F07104 /* Products */,
			);
			sourceTree = "<group>";
		};
		A19224AB29D5B95700F07104 /* Products */ = {
			isa = PBXGroup;
			children = (
				A19224AA29D5B95700F07104 /* Hanakol Aah?.app */,
			);
			name = Products;
			sourceTree = "<group>";
		};
		A19224AC29D5B95700F07104 /* Hanakol Aah? */ = {
			isa = PBXGroup;
			children = (
				A19224D529D5C2B400F07104 /* CustomViews */,
				A19224D029D5BB2900F07104 /* Resources */,
				A19224C629D5BA3F00F07104 /* Model */,
				A19224C929D5BA6400F07104 /* Extensions */,
				A19224C529D5BA2400F07104 /* Scences */,
				A19224AD29D5B95700F07104 /* AppDelegate.swift */,
				A19224AF29D5B95700F07104 /* SceneDelegate.swift */,
				A19224BB29D5B96000F07104 /* Info.plist */,
			);
			path = "Hanakol Aah?";
			sourceTree = "<group>";
		};
		A19224C529D5BA2400F07104 /* Scences */ = {
			isa = PBXGroup;
			children = (
				A1813E4129ED775C008964D1 /* MealScan */,
				A1E94DA629EC1DA100DF114E /* ScheduleRecipes */,
				A1781E4829E3860E0098AB31 /* Fridge */,
				A1EA921C29DEF48100349299 /* Home */,
				A1EA921329DD9B5600349299 /* Profile */,
				A19224FF29D72B5C00F07104 /* Registration */,
				A19224CE29D5BAEC00F07104 /* Onboarding */,
				A19224B829D5B96000F07104 /* LaunchScreen.storyboard */,
			);
			path = Scences;
			sourceTree = "<group>";
		};
		A19224C629D5BA3F00F07104 /* Model */ = {
			isa = PBXGroup;
			children = (
				A19224E129D5C4EB00F07104 /* OnboardingSlides.swift */,
			);
			path = Model;
			sourceTree = "<group>";
		};
		A19224C929D5BA6400F07104 /* Extensions */ = {
			isa = PBXGroup;
			children = (
				A19224DB29D5C39600F07104 /* UIViewController+Extensions.swift */,
				A19224DD29D5C3B100F07104 /* UICollectionView+Extension.swift */,
				A19224DF29D5C3C400F07104 /* UIView+Extension.swift */,
				A1781E4629E2E82D0098AB31 /* UITableView+Extension.swift */,
			);
			path = Extensions;
			sourceTree = "<group>";
		};
		A19224CE29D5BAEC00F07104 /* Onboarding */ = {
			isa = PBXGroup;
			children = (
				A19224F629D714C500F07104 /* Onboarding.storyboard */,
				A19224E529D5C61500F07104 /* OnboardingViewController.swift */,
			);
			path = Onboarding;
			sourceTree = "<group>";
		};
		A19224D029D5BB2900F07104 /* Resources */ = {
			isa = PBXGroup;
			children = (
				A19224B629D5B96000F07104 /* Assets.xcassets */,
				A19224FD29D7150600F07104 /* Localizable.strings */,
			);
			path = Resources;
			sourceTree = "<group>";
		};
		A19224D529D5C2B400F07104 /* CustomViews */ = {
			isa = PBXGroup;
			children = (
				A1E94DAB29EC282500DF114E /* ScheduleRecipesViewCell */,
				A1781E4E29E38C8B0098AB31 /* FridgeViewCells */,
				A1781E4D29E38C740098AB31 /* HomeViewCells */,
				A1EBC8F529D995B500AA5C93 /* RegistrationCollectionViewCell */,
				A19224D629D5C2C000F07104 /* OnboardingCollectionViewCell */,
				A1EBC8FA29D9979900AA5C93 /* CustomComponents */,
			);
			path = CustomViews;
			sourceTree = "<group>";
		};
		A19224D629D5C2C000F07104 /* OnboardingCollectionViewCell */ = {
			isa = PBXGroup;
			children = (
				A19224D729D5C2F300F07104 /* OnboardingCollectionViewCell.swift */,
				A19224D829D5C2F300F07104 /* OnboardingCollectionViewCell.xib */,
			);
			path = OnboardingCollectionViewCell;
			sourceTree = "<group>";
		};
		A19224FF29D72B5C00F07104 /* Registration */ = {
			isa = PBXGroup;
			children = (
				A192250C29D8F94200F07104 /* Registration.storyboard */,
				A1EBC8F329D9070B00AA5C93 /* RegistrationViewController.swift */,
				A15D5AF229DB07E600959EEF /* ForgetPassViewController.swift */,
				A15D5AF429DB211500959EEF /* VerfiyPassViewController.swift */,
				A15D5AF629DB62B700959EEF /* CreateNewPassViewController.swift */,
			);
			path = Registration;
			sourceTree = "<group>";
		};
		A1E94DA629EC1DA100DF114E /* ScheduleRecipes */ = {
			isa = PBXGroup;
			children = (
				A1E94DA729EC1E6B00DF114E /* ScheduleRecipes.storyboard */,
				A1E94DA929EC1E8100DF114E /* ScheduleRecipesViewController.swift */,
			);
			path = ScheduleRecipes;
			sourceTree = "<group>";
		};
		A1E94DAB29EC282500DF114E /* ScheduleRecipesViewCell */ = {
			isa = PBXGroup;
			children = (
				A17AB40E29EC301600D6E5EC /* ScheduleTableViewCell */,
				A1E94DB029EC2DD100DF114E /* ScheduleCollectionViewCell */,
			);
			path = ScheduleRecipesViewCell;
			sourceTree = "<group>";
		};
		A1E94DB029EC2DD100DF114E /* ScheduleCollectionViewCell */ = {
			isa = PBXGroup;
			children = (
				A17AB41329EC311800D6E5EC /* ScheduleCollectionViewCell.swift */,
				A17AB41429EC311800D6E5EC /* ScheduleCollectionViewCell.xib */,
			);
			path = ScheduleCollectionViewCell;
			sourceTree = "<group>";
		};
		A1EA921329DD9B5600349299 /* Profile */ = {
			isa = PBXGroup;
			children = (
				A1EA921429DD9C3500349299 /* Profile.storyboard */,
				A1EA921629DD9CD400349299 /* ProfileViewController.swift */,
			);
			path = Profile;
			sourceTree = "<group>";
		};
		A1EA921C29DEF48100349299 /* Home */ = {
			isa = PBXGroup;
			children = (
				A1EA921D29DEF49B00349299 /* Home.storyboard */,
				A1EA922629DF729900349299 /* HomeViewController.swift */,
			);
			name = Home;
			sourceTree = "<group>";
		};
		A1EA922329DEF8FC00349299 /* TabBar */ = {
			isa = PBXGroup;
			children = (
				A1EA921F29DEF4F900349299 /* CustomTabBar.swift */,
				A1EA922129DEF8F700349299 /* CustomTabBarController.swift */,
			);
			name = TabBar;
			sourceTree = "<group>";
		};
		A1EBC8F529D995B500AA5C93 /* RegistrationCollectionViewCell */ = {
			isa = PBXGroup;
			children = (
				A1EBC8F629D995EF00AA5C93 /* RegistrationCollectionViewCell.swift */,
				A1EBC8F729D995EF00AA5C93 /* RegistrationCollectionViewCell.xib */,
			);
			path = RegistrationCollectionViewCell;
			sourceTree = "<group>";
		};
		A1EBC8FA29D9979900AA5C93 /* CustomComponents */ = {
			isa = PBXGroup;
			children = (
				A1EA922329DEF8FC00349299 /* TabBar */,
				A1EBC8FB29D997D300AA5C93 /* TextFieldView.swift */,
				A1EA921829DDA83E00349299 /* CardView.swift */,
			);
			path = CustomComponents;
			sourceTree = "<group>";
		};
/* End PBXGroup section */

/* Begin PBXNativeTarget section */
		A19224A929D5B95700F07104 /* Hanakol Aah? */ = {
			isa = PBXNativeTarget;
			buildConfigurationList = A19224BE29D5B96000F07104 /* Build configuration list for PBXNativeTarget "Hanakol Aah?" */;
			buildPhases = (
				A19224A629D5B95700F07104 /* Sources */,
				A19224A729D5B95700F07104 /* Frameworks */,
				A19224A829D5B95700F07104 /* Resources */,
			);
			buildRules = (
			);
			dependencies = (
			);
			name = "Hanakol Aah?";
			productName = "Hanakol Aah?";
			productReference = A19224AA29D5B95700F07104 /* Hanakol Aah?.app */;
			productType = "com.apple.product-type.application";
		};
/* End PBXNativeTarget section */

/* Begin PBXProject section */
		A19224A229D5B95700F07104 /* Project object */ = {
			isa = PBXProject;
			attributes = {
				BuildIndependentTargetsInParallel = 1;
				LastSwiftUpdateCheck = 1420;
				LastUpgradeCheck = 1420;
				TargetAttributes = {
					A19224A929D5B95700F07104 = {
						CreatedOnToolsVersion = 14.2;
					};
				};
			};
			buildConfigurationList = A19224A529D5B95700F07104 /* Build configuration list for PBXProject "Hanakol Aah?" */;
			compatibilityVersion = "Xcode 14.0";
			developmentRegion = en;
			hasScannedForEncodings = 0;
			knownRegions = (
				en,
				Base,
				ar,
			);
			mainGroup = A19224A129D5B95700F07104;
			productRefGroup = A19224AB29D5B95700F07104 /* Products */;
			projectDirPath = "";
			projectRoot = "";
			targets = (
				A19224A929D5B95700F07104 /* Hanakol Aah? */,
			);
		};
/* End PBXProject section */

/* Begin PBXResourcesBuildPhase section */
		A19224A829D5B95700F07104 /* Resources */ = {
			isa = PBXResourcesBuildPhase;
			buildActionMask = 2147483647;
			files = (
				A19224FB29D7150600F07104 /* Localizable.strings in Resources */,
				A192250D29D8F94200F07104 /* Registration.storyboard in Resources */,
				A1813E4329ED77A3008964D1 /* MealScan.storyboard in Resources */,
				A1781E5C29E38EC10098AB31 /* FridgeItemsVerticalCollectionViewCell.xib in Resources */,
				A1EA921529DD9C3500349299 /* Profile.storyboard in Resources */,
				A1EA921E29DEF49B00349299 /* Home.storyboard in Resources */,
				A1781E5329E38D730098AB31 /* FridgeItemsCollectionViewCell.xib in Resources */,
				A19224F429D714C500F07104 /* Onboarding.storyboard in Resources */,
				A17AB41A29EC314C00D6E5EC /* ScheduleTableViewCell.xib in Resources */,
				A19224BA29D5B96000F07104 /* LaunchScreen.storyboard in Resources */,
				A1781E4029E2E0CD0098AB31 /* HomeMealsCollectionViewCell.xib in Resources */,
				A19224DA29D5C2F300F07104 /* OnboardingCollectionViewCell.xib in Resources */,
				A19224B729D5B96000F07104 /* Assets.xcassets in Resources */,
				A1781E4A29E386480098AB31 /* Fridge.storyboard in Resources */,
				A1EBC8F929D995EF00AA5C93 /* RegistrationCollectionViewCell.xib in Resources */,
				A1E94DA829EC1E6B00DF114E /* ScheduleRecipes.storyboard in Resources */,
				A17AB41629EC311800D6E5EC /* ScheduleCollectionViewCell.xib in Resources */,
				A1781E4529E2E7730098AB31 /* HomeMealsTableViewCell.xib in Resources */,
			);
			runOnlyForDeploymentPostprocessing = 0;
		};
/* End PBXResourcesBuildPhase section */

/* Begin PBXSourcesBuildPhase section */
		A19224A629D5B95700F07104 /* Sources */ = {
			isa = PBXSourcesBuildPhase;
			buildActionMask = 2147483647;
			files = (
				A1781E4429E2E7730098AB31 /* HomeMealsTableViewCell.swift in Sources */,
				A15D5AF529DB211500959EEF /* VerfiyPassViewController.swift in Sources */,
				A19224E229D5C4EB00F07104 /* OnboardingSlides.swift in Sources */,
				A1EA922729DF729900349299 /* HomeViewController.swift in Sources */,
				A19224DE29D5C3B100F07104 /* UICollectionView+Extension.swift in Sources */,
				A19224AE29D5B95700F07104 /* AppDelegate.swift in Sources */,
				A1EBC8FC29D997D300AA5C93 /* TextFieldView.swift in Sources */,
				A15D5AF729DB62B700959EEF /* CreateNewPassViewController.swift in Sources */,
				A1781E5229E38D730098AB31 /* FridgeItemsCollectionViewCell.swift in Sources */,
				A1EA921729DD9CD400349299 /* ProfileViewController.swift in Sources */,
				A15D5AF329DB07E600959EEF /* ForgetPassViewController.swift in Sources */,
				A1781E5B29E38EC10098AB31 /* FridgeItemsVerticalCollectionViewCell.swift in Sources */,
				A1781E4C29E3865C0098AB31 /* FridgeViewController.swift in Sources */,
				A1EA922229DEF8F700349299 /* CustomTabBarController.swift in Sources */,
				A1781E4729E2E82D0098AB31 /* UITableView+Extension.swift in Sources */,
				A1E94DAA29EC1E8100DF114E /* ScheduleRecipesViewController.swift in Sources */,
				A1EA922029DEF4F900349299 /* CustomTabBar.swift in Sources */,
				A1EBC8F429D9070B00AA5C93 /* RegistrationViewController.swift in Sources */,
				A19224E629D5C61500F07104 /* OnboardingViewController.swift in Sources */,
				A1813E4529ED77B9008964D1 /* MealScanViewController.swift in Sources */,
				A19224B029D5B95700F07104 /* SceneDelegate.swift in Sources */,
				A19224DC29D5C39600F07104 /* UIViewController+Extensions.swift in Sources */,
				A19224D929D5C2F300F07104 /* OnboardingCollectionViewCell.swift in Sources */,
				A17AB41929EC314C00D6E5EC /* ScheduleTableViewCell.swift in Sources */,
				A17AB41529EC311800D6E5EC /* ScheduleCollectionViewCell.swift in Sources */,
				A19224E029D5C3C400F07104 /* UIView+Extension.swift in Sources */,
				A1EA921929DDA83E00349299 /* CardView.swift in Sources */,
				A1781E3F29E2E0CD0098AB31 /* HomeMealsCollectionViewCell.swift in Sources */,
				A1EBC8F829D995EF00AA5C93 /* RegistrationCollectionViewCell.swift in Sources */,
			);
			runOnlyForDeploymentPostprocessing = 0;
		};
/* End PBXSourcesBuildPhase section */

/* Begin PBXVariantGroup section */
		A19224B829D5B96000F07104 /* LaunchScreen.storyboard */ = {
			isa = PBXVariantGroup;
			children = (
				A19224B929D5B96000F07104 /* Base */,
			);
			name = LaunchScreen.storyboard;
			sourceTree = "<group>";
		};
		A19224F629D714C500F07104 /* Onboarding.storyboard */ = {
			isa = PBXVariantGroup;
			children = (
				A19224F529D714C500F07104 /* Base */,
			);
			name = Onboarding.storyboard;
			sourceTree = "<group>";
		};
		A19224FD29D7150600F07104 /* Localizable.strings */ = {
			isa = PBXVariantGroup;
			children = (
				A19224FC29D7150600F07104 /* ar */,
				A19224FE29D7150A00F07104 /* en */,
			);
			name = Localizable.strings;
			sourceTree = "<group>";
		};
/* End PBXVariantGroup section */

/* Begin XCBuildConfiguration section */
		A19224BC29D5B96000F07104 /* Debug */ = {
			isa = XCBuildConfiguration;
			buildSettings = {
				ALWAYS_SEARCH_USER_PATHS = NO;
				CLANG_ANALYZER_LOCALIZABILITY_NONLOCALIZED = YES;
				CLANG_ANALYZER_NONNULL = YES;
				CLANG_ANALYZER_NUMBER_OBJECT_CONVERSION = YES_AGGRESSIVE;
				CLANG_CXX_LANGUAGE_STANDARD = "gnu++20";
				CLANG_ENABLE_MODULES = YES;
				CLANG_ENABLE_OBJC_ARC = YES;
				CLANG_ENABLE_OBJC_WEAK = YES;
				CLANG_WARN_BLOCK_CAPTURE_AUTORELEASING = YES;
				CLANG_WARN_BOOL_CONVERSION = YES;
				CLANG_WARN_COMMA = YES;
				CLANG_WARN_CONSTANT_CONVERSION = YES;
				CLANG_WARN_DEPRECATED_OBJC_IMPLEMENTATIONS = YES;
				CLANG_WARN_DIRECT_OBJC_ISA_USAGE = YES_ERROR;
				CLANG_WARN_DOCUMENTATION_COMMENTS = YES;
				CLANG_WARN_EMPTY_BODY = YES;
				CLANG_WARN_ENUM_CONVERSION = YES;
				CLANG_WARN_INFINITE_RECURSION = YES;
				CLANG_WARN_INT_CONVERSION = YES;
				CLANG_WARN_NON_LITERAL_NULL_CONVERSION = YES;
				CLANG_WARN_OBJC_IMPLICIT_RETAIN_SELF = YES;
				CLANG_WARN_OBJC_LITERAL_CONVERSION = YES;
				CLANG_WARN_OBJC_ROOT_CLASS = YES_ERROR;
				CLANG_WARN_QUOTED_INCLUDE_IN_FRAMEWORK_HEADER = YES;
				CLANG_WARN_RANGE_LOOP_ANALYSIS = YES;
				CLANG_WARN_STRICT_PROTOTYPES = YES;
				CLANG_WARN_SUSPICIOUS_MOVE = YES;
				CLANG_WARN_UNGUARDED_AVAILABILITY = YES_AGGRESSIVE;
				CLANG_WARN_UNREACHABLE_CODE = YES;
				CLANG_WARN__DUPLICATE_METHOD_MATCH = YES;
				COPY_PHASE_STRIP = NO;
				DEBUG_INFORMATION_FORMAT = dwarf;
				ENABLE_STRICT_OBJC_MSGSEND = YES;
				ENABLE_TESTABILITY = YES;
				GCC_C_LANGUAGE_STANDARD = gnu11;
				GCC_DYNAMIC_NO_PIC = NO;
				GCC_NO_COMMON_BLOCKS = YES;
				GCC_OPTIMIZATION_LEVEL = 0;
				GCC_PREPROCESSOR_DEFINITIONS = (
					"DEBUG=1",
					"$(inherited)",
				);
				GCC_WARN_64_TO_32_BIT_CONVERSION = YES;
				GCC_WARN_ABOUT_RETURN_TYPE = YES_ERROR;
				GCC_WARN_UNDECLARED_SELECTOR = YES;
				GCC_WARN_UNINITIALIZED_AUTOS = YES_AGGRESSIVE;
				GCC_WARN_UNUSED_FUNCTION = YES;
				GCC_WARN_UNUSED_VARIABLE = YES;
				IPHONEOS_DEPLOYMENT_TARGET = 16.2;
				MTL_ENABLE_DEBUG_INFO = INCLUDE_SOURCE;
				MTL_FAST_MATH = YES;
				ONLY_ACTIVE_ARCH = YES;
				SDKROOT = iphoneos;
				SWIFT_ACTIVE_COMPILATION_CONDITIONS = DEBUG;
				SWIFT_OPTIMIZATION_LEVEL = "-Onone";
			};
			name = Debug;
		};
		A19224BD29D5B96000F07104 /* Release */ = {
			isa = XCBuildConfiguration;
			buildSettings = {
				ALWAYS_SEARCH_USER_PATHS = NO;
				CLANG_ANALYZER_LOCALIZABILITY_NONLOCALIZED = YES;
				CLANG_ANALYZER_NONNULL = YES;
				CLANG_ANALYZER_NUMBER_OBJECT_CONVERSION = YES_AGGRESSIVE;
				CLANG_CXX_LANGUAGE_STANDARD = "gnu++20";
				CLANG_ENABLE_MODULES = YES;
				CLANG_ENABLE_OBJC_ARC = YES;
				CLANG_ENABLE_OBJC_WEAK = YES;
				CLANG_WARN_BLOCK_CAPTURE_AUTORELEASING = YES;
				CLANG_WARN_BOOL_CONVERSION = YES;
				CLANG_WARN_COMMA = YES;
				CLANG_WARN_CONSTANT_CONVERSION = YES;
				CLANG_WARN_DEPRECATED_OBJC_IMPLEMENTATIONS = YES;
				CLANG_WARN_DIRECT_OBJC_ISA_USAGE = YES_ERROR;
				CLANG_WARN_DOCUMENTATION_COMMENTS = YES;
				CLANG_WARN_EMPTY_BODY = YES;
				CLANG_WARN_ENUM_CONVERSION = YES;
				CLANG_WARN_INFINITE_RECURSION = YES;
				CLANG_WARN_INT_CONVERSION = YES;
				CLANG_WARN_NON_LITERAL_NULL_CONVERSION = YES;
				CLANG_WARN_OBJC_IMPLICIT_RETAIN_SELF = YES;
				CLANG_WARN_OBJC_LITERAL_CONVERSION = YES;
				CLANG_WARN_OBJC_ROOT_CLASS = YES_ERROR;
				CLANG_WARN_QUOTED_INCLUDE_IN_FRAMEWORK_HEADER = YES;
				CLANG_WARN_RANGE_LOOP_ANALYSIS = YES;
				CLANG_WARN_STRICT_PROTOTYPES = YES;
				CLANG_WARN_SUSPICIOUS_MOVE = YES;
				CLANG_WARN_UNGUARDED_AVAILABILITY = YES_AGGRESSIVE;
				CLANG_WARN_UNREACHABLE_CODE = YES;
				CLANG_WARN__DUPLICATE_METHOD_MATCH = YES;
				COPY_PHASE_STRIP = NO;
				DEBUG_INFORMATION_FORMAT = "dwarf-with-dsym";
				ENABLE_NS_ASSERTIONS = NO;
				ENABLE_STRICT_OBJC_MSGSEND = YES;
				GCC_C_LANGUAGE_STANDARD = gnu11;
				GCC_NO_COMMON_BLOCKS = YES;
				GCC_WARN_64_TO_32_BIT_CONVERSION = YES;
				GCC_WARN_ABOUT_RETURN_TYPE = YES_ERROR;
				GCC_WARN_UNDECLARED_SELECTOR = YES;
				GCC_WARN_UNINITIALIZED_AUTOS = YES_AGGRESSIVE;
				GCC_WARN_UNUSED_FUNCTION = YES;
				GCC_WARN_UNUSED_VARIABLE = YES;
				IPHONEOS_DEPLOYMENT_TARGET = 16.2;
				MTL_ENABLE_DEBUG_INFO = NO;
				MTL_FAST_MATH = YES;
				SDKROOT = iphoneos;
				SWIFT_COMPILATION_MODE = wholemodule;
				SWIFT_OPTIMIZATION_LEVEL = "-O";
				VALIDATE_PRODUCT = YES;
			};
			name = Release;
		};
		A19224BF29D5B96000F07104 /* Debug */ = {
			isa = XCBuildConfiguration;
			buildSettings = {
				ASSETCATALOG_COMPILER_APPICON_NAME = AppIcon;
				ASSETCATALOG_COMPILER_GLOBAL_ACCENT_COLOR_NAME = AccentColor;
				CODE_SIGN_STYLE = Automatic;
				CURRENT_PROJECT_VERSION = 1;
				DEVELOPMENT_TEAM = KSQAVXV66T;
				GENERATE_INFOPLIST_FILE = YES;
				INFOPLIST_FILE = "Hanakol Aah?/Info.plist";
				INFOPLIST_KEY_UIApplicationSupportsIndirectInputEvents = YES;
				INFOPLIST_KEY_UILaunchStoryboardName = LaunchScreen;
				INFOPLIST_KEY_UISupportedInterfaceOrientations_iPad = "UIInterfaceOrientationPortrait UIInterfaceOrientationPortraitUpsideDown UIInterfaceOrientationLandscapeLeft UIInterfaceOrientationLandscapeRight";
				INFOPLIST_KEY_UISupportedInterfaceOrientations_iPhone = "UIInterfaceOrientationPortrait UIInterfaceOrientationLandscapeLeft UIInterfaceOrientationLandscapeRight";
				LD_RUNPATH_SEARCH_PATHS = (
					"$(inherited)",
					"@executable_path/Frameworks",
				);
				MARKETING_VERSION = 1.0;
				PRODUCT_BUNDLE_IDENTIFIER = "youssefedeeb.Hanakol-Aah-";
				PRODUCT_NAME = "$(TARGET_NAME)";
				SWIFT_EMIT_LOC_STRINGS = YES;
				SWIFT_VERSION = 5.0;
				TARGETED_DEVICE_FAMILY = "1,2";
			};
			name = Debug;
		};
		A19224C029D5B96000F07104 /* Release */ = {
			isa = XCBuildConfiguration;
			buildSettings = {
				ASSETCATALOG_COMPILER_APPICON_NAME = AppIcon;
				ASSETCATALOG_COMPILER_GLOBAL_ACCENT_COLOR_NAME = AccentColor;
				CODE_SIGN_STYLE = Automatic;
				CURRENT_PROJECT_VERSION = 1;
				DEVELOPMENT_TEAM = KSQAVXV66T;
				GENERATE_INFOPLIST_FILE = YES;
				INFOPLIST_FILE = "Hanakol Aah?/Info.plist";
				INFOPLIST_KEY_UIApplicationSupportsIndirectInputEvents = YES;
				INFOPLIST_KEY_UILaunchStoryboardName = LaunchScreen;
				INFOPLIST_KEY_UISupportedInterfaceOrientations_iPad = "UIInterfaceOrientationPortrait UIInterfaceOrientationPortraitUpsideDown UIInterfaceOrientationLandscapeLeft UIInterfaceOrientationLandscapeRight";
				INFOPLIST_KEY_UISupportedInterfaceOrientations_iPhone = "UIInterfaceOrientationPortrait UIInterfaceOrientationLandscapeLeft UIInterfaceOrientationLandscapeRight";
				LD_RUNPATH_SEARCH_PATHS = (
					"$(inherited)",
					"@executable_path/Frameworks",
				);
				MARKETING_VERSION = 1.0;
				PRODUCT_BUNDLE_IDENTIFIER = "youssefedeeb.Hanakol-Aah-";
				PRODUCT_NAME = "$(TARGET_NAME)";
				SWIFT_EMIT_LOC_STRINGS = YES;
				SWIFT_VERSION = 5.0;
				TARGETED_DEVICE_FAMILY = "1,2";
			};
			name = Release;
		};
/* End XCBuildConfiguration section */

/* Begin XCConfigurationList section */
		A19224A529D5B95700F07104 /* Build configuration list for PBXProject "Hanakol Aah?" */ = {
			isa = XCConfigurationList;
			buildConfigurations = (
				A19224BC29D5B96000F07104 /* Debug */,
				A19224BD29D5B96000F07104 /* Release */,
			);
			defaultConfigurationIsVisible = 0;
			defaultConfigurationName = Release;
		};
		A19224BE29D5B96000F07104 /* Build configuration list for PBXNativeTarget "Hanakol Aah?" */ = {
			isa = XCConfigurationList;
			buildConfigurations = (
				A19224BF29D5B96000F07104 /* Debug */,
				A19224C029D5B96000F07104 /* Release */,
			);
			defaultConfigurationIsVisible = 0;
			defaultConfigurationName = Release;
		};
/* End XCConfigurationList section */
	};
	rootObject = A19224A229D5B95700F07104 /* Project object */;
}
